// !$*UTF8*$!
{
	archiveVersion = 1;
	classes = {
	};
	objectVersion = 56;
	objects = {

/* Begin PBXBuildFile section */
		FBE0F3102A56CD7C00C5C413 /* AppDelegate.swift in Sources */ = {isa = PBXBuildFile; fileRef = FBE0F30F2A56CD7C00C5C413 /* AppDelegate.swift */; };
		FBE0F3122A56CD7C00C5C413 /* SceneDelegate.swift in Sources */ = {isa = PBXBuildFile; fileRef = FBE0F3112A56CD7C00C5C413 /* SceneDelegate.swift */; };
		FBE0F3142A56CD7C00C5C413 /* ViewController.swift in Sources */ = {isa = PBXBuildFile; fileRef = FBE0F3132A56CD7C00C5C413 /* ViewController.swift */; };
		FBE0F3172A56CD7C00C5C413 /* Main.storyboard in Resources */ = {isa = PBXBuildFile; fileRef = FBE0F3152A56CD7C00C5C413 /* Main.storyboard */; };
		FBE0F3192A56CD7E00C5C413 /* Assets.xcassets in Resources */ = {isa = PBXBuildFile; fileRef = FBE0F3182A56CD7E00C5C413 /* Assets.xcassets */; };
		FBE0F31C2A56CD7E00C5C413 /* LaunchScreen.storyboard in Resources */ = {isa = PBXBuildFile; fileRef = FBE0F31A2A56CD7E00C5C413 /* LaunchScreen.storyboard */; };
/* End PBXBuildFile section */

/* Begin PBXFileReference section */
		FBE0F30C2A56CD7C00C5C413 /* Projects_7-9_Hangman_Game.app */ = {isa = PBXFileReference; explicitFileType = wrapper.application; includeInIndex = 0; path = "Projects_7-9_Hangman_Game.app"; sourceTree = BUILT_PRODUCTS_DIR; };
		FBE0F30F2A56CD7C00C5C413 /* AppDelegate.swift */ = {isa = PBXFileReference; lastKnownFileType = sourcecode.swift; path = AppDelegate.swift; sourceTree = "<group>"; };
		FBE0F3112A56CD7C00C5C413 /* SceneDelegate.swift */ = {isa = PBXFileReference; lastKnownFileType = sourcecode.swift; path = SceneDelegate.swift; sourceTree = "<group>"; };
		FBE0F3132A56CD7C00C5C413 /* ViewController.swift */ = {isa = PBXFileReference; lastKnownFileType = sourcecode.swift; path = ViewController.swift; sourceTree = "<group>"; };
		FBE0F3162A56CD7C00C5C413 /* Base */ = {isa = PBXFileReference; lastKnownFileType = file.storyboard; name = Base; path = Base.lproj/Main.storyboard; sourceTree = "<group>"; };
		FBE0F3182A56CD7E00C5C413 /* Assets.xcassets */ = {isa = PBXFileReference; lastKnownFileType = folder.assetcatalog; path = Assets.xcassets; sourceTree = "<group>"; };
		FBE0F31B2A56CD7E00C5C413 /* Base */ = {isa = PBXFileReference; lastKnownFileType = file.storyboard; name = Base; path = Base.lproj/LaunchScreen.storyboard; sourceTree = "<group>"; };
		FBE0F31D2A56CD7E00C5C413 /* Info.plist */ = {isa = PBXFileReference; lastKnownFileType = text.plist.xml; path = Info.plist; sourceTree = "<group>"; };
/* End PBXFileReference section */

/* Begin PBXFrameworksBuildPhase section */
		FBE0F3092A56CD7C00C5C413 /* Frameworks */ = {
			isa = PBXFrameworksBuildPhase;
			buildActionMask = 2147483647;
			files = (
			);
			runOnlyForDeploymentPostprocessing = 0;
		};
/* End PBXFrameworksBuildPhase section */

/* Begin PBXGroup section */
		FBE0F3032A56CD7C00C5C413 = {
			isa = PBXGroup;
			children = (
				FBE0F30E2A56CD7C00C5C413 /* Projects_7-9_Hangman_Game */,
				FBE0F30D2A56CD7C00C5C413 /* Products */,
			);
			sourceTree = "<group>";
		};
		FBE0F30D2A56CD7C00C5C413 /* Products */ = {
			isa = PBXGroup;
			children = (
				FBE0F30C2A56CD7C00C5C413 /* Projects_7-9_Hangman_Game.app */,
			);
			name = Products;
			sourceTree = "<group>";
		};
		FBE0F30E2A56CD7C00C5C413 /* Projects_7-9_Hangman_Game */ = {
			isa = PBXGroup;
			children = (
				FBE0F30F2A56CD7C00C5C413 /* AppDelegate.swift */,
				FBE0F3112A56CD7C00C5C413 /* SceneDelegate.swift */,
				FBE0F3132A56CD7C00C5C413 /* ViewController.swift */,
				FBE0F3152A56CD7C00C5C413 /* Main.storyboard */,
				FBE0F3182A56CD7E00C5C413 /* Assets.xcassets */,
				FBE0F31A2A56CD7E00C5C413 /* LaunchScreen.storyboard */,
				FBE0F31D2A56CD7E00C5C413 /* Info.plist */,
			);
			path = "Projects_7-9_Hangman_Game";
			sourceTree = "<group>";
		};
/* End PBXGroup section */

/* Begin PBXNativeTarget section */
		FBE0F30B2A56CD7C00C5C413 /* Projects_7-9_Hangman_Game */ = {
			isa = PBXNativeTarget;
			buildConfigurationList = FBE0F3202A56CD7E00C5C413 /* Build configuration list for PBXNativeTarget "Projects_7-9_Hangman_Game" */;
			buildPhases = (
				FBE0F3082A56CD7C00C5C413 /* Sources */,
				FBE0F3092A56CD7C00C5C413 /* Frameworks */,
				FBE0F30A2A56CD7C00C5C413 /* Resources */,
			);
			buildRules = (
			);
			dependencies = (
			);
			name = "Projects_7-9_Hangman_Game";
			productName = "Projects_7-9_Hangman_Game";
			productReference = FBE0F30C2A56CD7C00C5C413 /* Projects_7-9_Hangman_Game.app */;
			productType = "com.apple.product-type.application";
		};
/* End PBXNativeTarget section */

/* Begin PBXProject section */
		FBE0F3042A56CD7C00C5C413 /* Project object */ = {
			isa = PBXProject;
			attributes = {
				BuildIndependentTargetsInParallel = 1;
				LastSwiftUpdateCheck = 1430;
				LastUpgradeCheck = 1430;
				TargetAttributes = {
					FBE0F30B2A56CD7C00C5C413 = {
						CreatedOnToolsVersion = 14.3.1;
					};
				};
			};
			buildConfigurationList = FBE0F3072A56CD7C00C5C413 /* Build configuration list for PBXProject "Projects_7-9_Hangman_Game" */;
			compatibilityVersion = "Xcode 14.0";
			developmentRegion = en;
			hasScannedForEncodings = 0;
			knownRegions = (
				en,
				Base,
			);
			mainGroup = FBE0F3032A56CD7C00C5C413;
			productRefGroup = FBE0F30D2A56CD7C00C5C413 /* Products */;
			projectDirPath = "";
			projectRoot = "";
			targets = (
				FBE0F30B2A56CD7C00C5C413 /* Projects_7-9_Hangman_Game */,
			);
		};
/* End PBXProject section */

/* Begin PBXResourcesBuildPhase section */
		FBE0F30A2A56CD7C00C5C413 /* Resources */ = {
			isa = PBXResourcesBuildPhase;
			buildActionMask = 2147483647;
			files = (
				FBE0F31C2A56CD7E00C5C413 /* LaunchScreen.storyboard in Resources */,
				FBE0F3192A56CD7E00C5C413 /* Assets.xcassets in Resources */,
				FBE0F3172A56CD7C00C5C413 /* Main.storyboard in Resources */,
			);
			runOnlyForDeploymentPostprocessing = 0;
		};
/* End PBXResourcesBuildPhase section */

/* Begin PBXSourcesBuildPhase section */
		FBE0F3082A56CD7C00C5C413 /* Sources */ = {
			isa = PBXSourcesBuildPhase;
			buildActionMask = 2147483647;
			files = (
				FBE0F3142A56CD7C00C5C413 /* ViewController.swift in Sources */,
				FBE0F3102A56CD7C00C5C413 /* AppDelegate.swift in Sources */,
				FBE0F3122A56CD7C00C5C413 /* SceneDelegate.swift in Sources */,
			);
			runOnlyForDeploymentPostprocessing = 0;
		};
/* End PBXSourcesBuildPhase section */

/* Begin PBXVariantGroup section */
		FBE0F3152A56CD7C00C5C413 /* Main.storyboard */ = {
			isa = PBXVariantGroup;
			children = (
				FBE0F3162A56CD7C00C5C413 /* Base */,
			);
			name = Main.storyboard;
			sourceTree = "<group>";
		};
		FBE0F31A2A56CD7E00C5C413 /* LaunchScreen.storyboard */ = {
			isa = PBXVariantGroup;
			children = (
				FBE0F31B2A56CD7E00C5C413 /* Base */,
			);
			name = LaunchScreen.storyboard;
			sourceTree = "<group>";
		};
/* End PBXVariantGroup section */

/* Begin XCBuildConfiguration section */
		FBE0F31E2A56CD7E00C5C413 /* Debug */ = {
			isa = XCBuildConfiguration;
			buildSettings = {
				ALWAYS_SEARCH_USER_PATHS = NO;
				CLANG_ANALYZER_NONNULL = YES;
				CLANG_ANALYZER_NUMBER_OBJECT_CONVERSION = YES_AGGRESSIVE;
				CLANG_CXX_LANGUAGE_STANDARD = "gnu++20";
				CLANG_ENABLE_MODULES = YES;
				CLANG_ENABLE_OBJC_ARC = YES;
				CLANG_ENABLE_OBJC_WEAK = YES;
				CLANG_WARN_BLOCK_CAPTURE_AUTORELEASING = YES;
				CLANG_WARN_BOOL_CONVERSION = YES;
				CLANG_WARN_COMMA = YES;
				CLANG_WARN_CONSTANT_CONVERSION = YES;
				CLANG_WARN_DEPRECATED_OBJC_IMPLEMENTATIONS = YES;
				CLANG_WARN_DIRECT_OBJC_ISA_USAGE = YES_ERROR;
				CLANG_WARN_DOCUMENTATION_COMMENTS = YES;
				CLANG_WARN_EMPTY_BODY = YES;
				CLANG_WARN_ENUM_CONVERSION = YES;
				CLANG_WARN_INFINITE_RECURSION = YES;
				CLANG_WARN_INT_CONVERSION = YES;
				CLANG_WARN_NON_LITERAL_NULL_CONVERSION = YES;
				CLANG_WARN_OBJC_IMPLICIT_RETAIN_SELF = YES;
				CLANG_WARN_OBJC_LITERAL_CONVERSION = YES;
				CLANG_WARN_OBJC_ROOT_CLASS = YES_ERROR;
				CLANG_WARN_QUOTED_INCLUDE_IN_FRAMEWORK_HEADER = YES;
				CLANG_WARN_RANGE_LOOP_ANALYSIS = YES;
				CLANG_WARN_STRICT_PROTOTYPES = YES;
				CLANG_WARN_SUSPICIOUS_MOVE = YES;
				CLANG_WARN_UNGUARDED_AVAILABILITY = YES_AGGRESSIVE;
				CLANG_WARN_UNREACHABLE_CODE = YES;
				CLANG_WARN__DUPLICATE_METHOD_MATCH = YES;
				COPY_PHASE_STRIP = NO;
				DEBUG_INFORMATION_FORMAT = dwarf;
				ENABLE_STRICT_OBJC_MSGSEND = YES;
				ENABLE_TESTABILITY = YES;
				GCC_C_LANGUAGE_STANDARD = gnu11;
				GCC_DYNAMIC_NO_PIC = NO;
				GCC_NO_COMMON_BLOCKS = YES;
				GCC_OPTIMIZATION_LEVEL = 0;
				GCC_PREPROCESSOR_DEFINITIONS = (
					"DEBUG=1",
					"$(inherited)",
				);
				GCC_WARN_64_TO_32_BIT_CONVERSION = YES;
				GCC_WARN_ABOUT_RETURN_TYPE = YES_ERROR;
				GCC_WARN_UNDECLARED_SELECTOR = YES;
				GCC_WARN_UNINITIALIZED_AUTOS = YES_AGGRESSIVE;
				GCC_WARN_UNUSED_FUNCTION = YES;
				GCC_WARN_UNUSED_VARIABLE = YES;
				IPHONEOS_DEPLOYMENT_TARGET = 16.4;
				MTL_ENABLE_DEBUG_INFO = INCLUDE_SOURCE;
				MTL_FAST_MATH = YES;
				ONLY_ACTIVE_ARCH = YES;
				SDKROOT = iphoneos;
				SWIFT_ACTIVE_COMPILATION_CONDITIONS = DEBUG;
				SWIFT_OPTIMIZATION_LEVEL = "-Onone";
			};
			name = Debug;
		};
		FBE0F31F2A56CD7E00C5C413 /* Release */ = {
			isa = XCBuildConfiguration;
			buildSettings = {
				ALWAYS_SEARCH_USER_PATHS = NO;
				CLANG_ANALYZER_NONNULL = YES;
				CLANG_ANALYZER_NUMBER_OBJECT_CONVERSION = YES_AGGRESSIVE;
				CLANG_CXX_LANGUAGE_STANDARD = "gnu++20";
				CLANG_ENABLE_MODULES = YES;
				CLANG_ENABLE_OBJC_ARC = YES;
				CLANG_ENABLE_OBJC_WEAK = YES;
				CLANG_WARN_BLOCK_CAPTURE_AUTORELEASING = YES;
				CLANG_WARN_BOOL_CONVERSION = YES;
				CLANG_WARN_COMMA = YES;
				CLANG_WARN_CONSTANT_CONVERSION = YES;
				CLANG_WARN_DEPRECATED_OBJC_IMPLEMENTATIONS = YES;
				CLANG_WARN_DIRECT_OBJC_ISA_USAGE = YES_ERROR;
				CLANG_WARN_DOCUMENTATION_COMMENTS = YES;
				CLANG_WARN_EMPTY_BODY = YES;
				CLANG_WARN_ENUM_CONVERSION = YES;
				CLANG_WARN_INFINITE_RECURSION = YES;
				CLANG_WARN_INT_CONVERSION = YES;
				CLANG_WARN_NON_LITERAL_NULL_CONVERSION = YES;
				CLANG_WARN_OBJC_IMPLICIT_RETAIN_SELF = YES;
				CLANG_WARN_OBJC_LITERAL_CONVERSION = YES;
				CLANG_WARN_OBJC_ROOT_CLASS = YES_ERROR;
				CLANG_WARN_QUOTED_INCLUDE_IN_FRAMEWORK_HEADER = YES;
				CLANG_WARN_RANGE_LOOP_ANALYSIS = YES;
				CLANG_WARN_STRICT_PROTOTYPES = YES;
				CLANG_WARN_SUSPICIOUS_MOVE = YES;
				CLANG_WARN_UNGUARDED_AVAILABILITY = YES_AGGRESSIVE;
				CLANG_WARN_UNREACHABLE_CODE = YES;
				CLANG_WARN__DUPLICATE_METHOD_MATCH = YES;
				COPY_PHASE_STRIP = NO;
				DEBUG_INFORMATION_FORMAT = "dwarf-with-dsym";
				ENABLE_NS_ASSERTIONS = NO;
				ENABLE_STRICT_OBJC_MSGSEND = YES;
				GCC_C_LANGUAGE_STANDARD = gnu11;
				GCC_NO_COMMON_BLOCKS = YES;
				GCC_WARN_64_TO_32_BIT_CONVERSION = YES;
				GCC_WARN_ABOUT_RETURN_TYPE = YES_ERROR;
				GCC_WARN_UNDECLARED_SELECTOR = YES;
				GCC_WARN_UNINITIALIZED_AUTOS = YES_AGGRESSIVE;
				GCC_WARN_UNUSED_FUNCTION = YES;
				GCC_WARN_UNUSED_VARIABLE = YES;
				IPHONEOS_DEPLOYMENT_TARGET = 16.4;
				MTL_ENABLE_DEBUG_INFO = NO;
				MTL_FAST_MATH = YES;
				SDKROOT = iphoneos;
				SWIFT_COMPILATION_MODE = wholemodule;
				SWIFT_OPTIMIZATION_LEVEL = "-O";
				VALIDATE_PRODUCT = YES;
			};
			name = Release;
		};
		FBE0F3212A56CD7E00C5C413 /* Debug */ = {
			isa = XCBuildConfiguration;
			buildSettings = {
				ASSETCATALOG_COMPILER_APPICON_NAME = AppIcon;
				ASSETCATALOG_COMPILER_GLOBAL_ACCENT_COLOR_NAME = AccentColor;
				CODE_SIGN_STYLE = Automatic;
				CURRENT_PROJECT_VERSION = 1;
				DEVELOPMENT_TEAM = 76Y8THNQ6B;
				GENERATE_INFOPLIST_FILE = YES;
				INFOPLIST_FILE = "Projects_7-9_Hangman_Game/Info.plist";
				INFOPLIST_KEY_UIApplicationSupportsIndirectInputEvents = YES;
				INFOPLIST_KEY_UILaunchStoryboardName = LaunchScreen;
				INFOPLIST_KEY_UIMainStoryboardFile = Main;
				INFOPLIST_KEY_UISupportedInterfaceOrientations = UIInterfaceOrientationPortrait;
				INFOPLIST_KEY_UISupportedInterfaceOrientations_iPad = "UIInterfaceOrientationLandscapeLeft UIInterfaceOrientationLandscapeRight UIInterfaceOrientationPortrait UIInterfaceOrientationPortraitUpsideDown";
				LD_RUNPATH_SEARCH_PATHS = (
					"$(inherited)",
					"@executable_path/Frameworks",
				);
				MARKETING_VERSION = 1.0;
				PRODUCT_BUNDLE_IDENTIFIER = "com.pullupladder.Projects-7-9-Hangman-Game";
				PRODUCT_NAME = "$(TARGET_NAME)";
				SWIFT_EMIT_LOC_STRINGS = YES;
				SWIFT_VERSION = 5.0;
				TARGETED_DEVICE_FAMILY = "1,2";
			};
			name = Debug;
		};
		FBE0F3222A56CD7E00C5C413 /* Release */ = {
			isa = XCBuildConfiguration;
			buildSettings = {
				ASSETCATALOG_COMPILER_APPICON_NAME = AppIcon;
				ASSETCATALOG_COMPILER_GLOBAL_ACCENT_COLOR_NAME = AccentColor;
				CODE_SIGN_STYLE = Automatic;
				CURRENT_PROJECT_VERSION = 1;
				DEVELOPMENT_TEAM = 76Y8THNQ6B;
				GENERATE_INFOPLIST_FILE = YES;
				INFOPLIST_FILE = "Projects_7-9_Hangman_Game/Info.plist";
				INFOPLIST_KEY_UIApplicationSupportsIndirectInputEvents = YES;
				INFOPLIST_KEY_UILaunchStoryboardName = LaunchScreen;
				INFOPLIST_KEY_UIMainStoryboardFile = Main;
				INFOPLIST_KEY_UISupportedInterfaceOrientations = UIInterfaceOrientationPortrait;
				INFOPLIST_KEY_UISupportedInterfaceOrientations_iPad = "UIInterfaceOrientationLandscapeLeft UIInterfaceOrientationLandscapeRight UIInterfaceOrientationPortrait UIInterfaceOrientationPortraitUpsideDown";
				LD_RUNPATH_SEARCH_PATHS = (
					"$(inherited)",
					"@executable_path/Frameworks",
				);
				MARKETING_VERSION = 1.0;
				PRODUCT_BUNDLE_IDENTIFIER = "com.pullupladder.Projects-7-9-Hangman-Game";
				PRODUCT_NAME = "$(TARGET_NAME)";
				SWIFT_EMIT_LOC_STRINGS = YES;
				SWIFT_VERSION = 5.0;
				TARGETED_DEVICE_FAMILY = "1,2";
			};
			name = Release;
		};
/* End XCBuildConfiguration section */

/* Begin XCConfigurationList section */
		FBE0F3072A56CD7C00C5C413 /* Build configuration list for PBXProject "Projects_7-9_Hangman_Game" */ = {
			isa = XCConfigurationList;
			buildConfigurations = (
				FBE0F31E2A56CD7E00C5C413 /* Debug */,
				FBE0F31F2A56CD7E00C5C413 /* Release */,
			);
			defaultConfigurationIsVisible = 0;
			defaultConfigurationName = Release;
		};
		FBE0F3202A56CD7E00C5C413 /* Build configuration list for PBXNativeTarget "Projects_7-9_Hangman_Game" */ = {
			isa = XCConfigurationList;
			buildConfigurations = (
				FBE0F3212A56CD7E00C5C413 /* Debug */,
				FBE0F3222A56CD7E00C5C413 /* Release */,
			);
			defaultConfigurationIsVisible = 0;
			defaultConfigurationName = Release;
		};
/* End XCConfigurationList section */
	};
	rootObject = FBE0F3042A56CD7C00C5C413 /* Project object */;
}
